
Microsoft Visual Studio Solution File, Format Version 12.00
# Visual Studio Version 16
VisualStudioVersion = 16.0.29306.81
MinimumVisualStudioVersion = 10.0.40219.1
Project("{FAE04EC0-301F-11D3-BF4B-00C04F79EFBC}") = "ClassesRelationHW", "ClassesRelationHW.csproj", "{A33FE888-7C60-4121-81F1-F04D22A86B0E}"
EndProject
Project("{FAE04EC0-301F-11D3-BF4B-00C04F79EFBC}") = "Opdracht 9.1 Vrienden", "Opdracht 9.1 Vrienden\Opdracht 9.1 Vrienden.csproj", "{4898AD9D-06CD-484E-A3A3-353551176A0B}"
EndProject
Project("{FAE04EC0-301F-11D3-BF4B-00C04F79EFBC}") = "Opdracht 9.2 Dagboek", "Opdracht 9.2 Dagboek\Opdracht 9.2 Dagboek.csproj", "{49DEC5E6-A726-4B57-91BF-E718E876D68B}"
EndProject
Project("{FAE04EC0-301F-11D3-BF4B-00C04F79EFBC}") = "Opdracht 9.3 Vuilbak", "Opdracht 9.3 Vuilbak\Opdracht 9.3 Vuilbak.csproj", "{006FACFD-8600-4A78-BA4C-02BE56DD6AA9}"
EndProject
Project("{FAE04EC0-301F-11D3-BF4B-00C04F79EFBC}") = "Opdracht 9.4 Rekenmachine", "Opdracht 9.4 Rekenmachine\Opdracht 9.4 Rekenmachine.csproj", "{74A2CFCF-FB1B-4923-822A-70B3195E7D30}"
EndProject
Project("{FAE04EC0-301F-11D3-BF4B-00C04F79EFBC}") = "Opdracht 9.5 Pretpark", "..\Opdracht 9.5 Pretpark\Opdracht 9.5 Pretpark.csproj", "{ABF005E6-F3C6-4A9A-A41F-06F2E0AD0BA5}"
EndProject
Global
	GlobalSection(SolutionConfigurationPlatforms) = preSolution
		Debug|Any CPU = Debug|Any CPU
		Release|Any CPU = Release|Any CPU
	EndGlobalSection
	GlobalSection(ProjectConfigurationPlatforms) = postSolution
		{A33FE888-7C60-4121-81F1-F04D22A86B0E}.Debug|Any CPU.ActiveCfg = Debug|Any CPU
		{A33FE888-7C60-4121-81F1-F04D22A86B0E}.Debug|Any CPU.Build.0 = Debug|Any CPU
		{A33FE888-7C60-4121-81F1-F04D22A86B0E}.Release|Any CPU.ActiveCfg = Release|Any CPU
		{A33FE888-7C60-4121-81F1-F04D22A86B0E}.Release|Any CPU.Build.0 = Release|Any CPU
		{4898AD9D-06CD-484E-A3A3-353551176A0B}.Debug|Any CPU.ActiveCfg = Debug|Any CPU
		{4898AD9D-06CD-484E-A3A3-353551176A0B}.Debug|Any CPU.Build.0 = Debug|Any CPU
		{4898AD9D-06CD-484E-A3A3-353551176A0B}.Release|Any CPU.ActiveCfg = Release|Any CPU
		{4898AD9D-06CD-484E-A3A3-353551176A0B}.Release|Any CPU.Build.0 = Release|Any CPU
		{49DEC5E6-A726-4B57-91BF-E718E876D68B}.Debug|Any CPU.ActiveCfg = Debug|Any CPU
		{49DEC5E6-A726-4B57-91BF-E718E876D68B}.Debug|Any CPU.Build.0 = Debug|Any CPU
		{49DEC5E6-A726-4B57-91BF-E718E876D68B}.Release|Any CPU.ActiveCfg = Release|Any CPU
		{49DEC5E6-A726-4B57-91BF-E718E876D68B}.Release|Any CPU.Build.0 = Release|Any CPU
		{006FACFD-8600-4A78-BA4C-02BE56DD6AA9}.Debug|Any CPU.ActiveCfg = Debug|Any CPU
		{006FACFD-8600-4A78-BA4C-02BE56DD6AA9}.Debug|Any CPU.Build.0 = Debug|Any CPU
		{006FACFD-8600-4A78-BA4C-02BE56DD6AA9}.Release|Any CPU.ActiveCfg = Release|Any CPU
		{006FACFD-8600-4A78-BA4C-02BE56DD6AA9}.Release|Any CPU.Build.0 = Release|Any CPU
		{74A2CFCF-FB1B-4923-822A-70B3195E7D30}.Debug|Any CPU.ActiveCfg = Debug|Any CPU
		{74A2CFCF-FB1B-4923-822A-70B3195E7D30}.Debug|Any CPU.Build.0 = Debug|Any CPU
		{74A2CFCF-FB1B-4923-822A-70B3195E7D30}.Release|Any CPU.ActiveCfg = Release|Any CPU
		{74A2CFCF-FB1B-4923-822A-70B3195E7D30}.Release|Any CPU.Build.0 = Release|Any CPU
		{ABF005E6-F3C6-4A9A-A41F-06F2E0AD0BA5}.Debug|Any CPU.ActiveCfg = Debug|Any CPU
		{ABF005E6-F3C6-4A9A-A41F-06F2E0AD0BA5}.Debug|Any CPU.Build.0 = Debug|Any CPU
		{ABF005E6-F3C6-4A9A-A41F-06F2E0AD0BA5}.Release|Any CPU.ActiveCfg = Release|Any CPU
		{ABF005E6-F3C6-4A9A-A41F-06F2E0AD0BA5}.Release|Any CPU.Build.0 = Release|Any CPU
	EndGlobalSection
	GlobalSection(SolutionProperties) = preSolution
		HideSolutionNode = FALSE
	EndGlobalSection
	GlobalSection(ExtensibilityGlobals) = postSolution
		SolutionGuid = {E51296AB-5974-48A0-B855-319B71976BC3}
	EndGlobalSection
EndGlobal
