
Microsoft Visual Studio Solution File, Format Version 12.00
# Visual Studio Version 16
VisualStudioVersion = 16.0.29306.81
MinimumVisualStudioVersion = 10.0.40219.1
Project("{FAE04EC0-301F-11D3-BF4B-00C04F79EFBC}") = "ProgrammMemoryStorage", "ProgrammMemoryStorage.csproj", "{0E52F212-3DF3-444D-9EC9-7BA9306212AA}"
EndProject
Project("{FAE04EC0-301F-11D3-BF4B-00C04F79EFBC}") = "RelationOne2OneandOne2many", "..\RelationOne2OneandOne2many\RelationOne2OneandOne2many.csproj", "{23755A16-5755-4107-8182-EC1BAE47EF55}"
EndProject
Project("{FAE04EC0-301F-11D3-BF4B-00C04F79EFBC}") = "RelationOne2Many", "..\RelationOne2Many\RelationOne2Many.csproj", "{3F0CDD3C-4128-4C99-855F-9E7DA492CAEF}"
EndProject
Project("{FAE04EC0-301F-11D3-BF4B-00C04F79EFBC}") = "One2ManyTask", "..\One2ManyTask\One2ManyTask.csproj", "{638B8E8F-3773-4AB3-BD5E-DB03B4188E11}"
EndProject
Project("{FAE04EC0-301F-11D3-BF4B-00C04F79EFBC}") = "ClassesHW", "..\ClassesHW\ClassesHW.csproj", "{E34EB69A-1109-4AD0-AEB5-1B119F69021F}"
EndProject
Global
	GlobalSection(SolutionConfigurationPlatforms) = preSolution
		Debug|Any CPU = Debug|Any CPU
		Release|Any CPU = Release|Any CPU
	EndGlobalSection
	GlobalSection(ProjectConfigurationPlatforms) = postSolution
		{0E52F212-3DF3-444D-9EC9-7BA9306212AA}.Debug|Any CPU.ActiveCfg = Debug|Any CPU
		{0E52F212-3DF3-444D-9EC9-7BA9306212AA}.Debug|Any CPU.Build.0 = Debug|Any CPU
		{0E52F212-3DF3-444D-9EC9-7BA9306212AA}.Release|Any CPU.ActiveCfg = Release|Any CPU
		{0E52F212-3DF3-444D-9EC9-7BA9306212AA}.Release|Any CPU.Build.0 = Release|Any CPU
		{23755A16-5755-4107-8182-EC1BAE47EF55}.Debug|Any CPU.ActiveCfg = Debug|Any CPU
		{23755A16-5755-4107-8182-EC1BAE47EF55}.Debug|Any CPU.Build.0 = Debug|Any CPU
		{23755A16-5755-4107-8182-EC1BAE47EF55}.Release|Any CPU.ActiveCfg = Release|Any CPU
		{23755A16-5755-4107-8182-EC1BAE47EF55}.Release|Any CPU.Build.0 = Release|Any CPU
		{3F0CDD3C-4128-4C99-855F-9E7DA492CAEF}.Debug|Any CPU.ActiveCfg = Debug|Any CPU
		{3F0CDD3C-4128-4C99-855F-9E7DA492CAEF}.Debug|Any CPU.Build.0 = Debug|Any CPU
		{3F0CDD3C-4128-4C99-855F-9E7DA492CAEF}.Release|Any CPU.ActiveCfg = Release|Any CPU
		{3F0CDD3C-4128-4C99-855F-9E7DA492CAEF}.Release|Any CPU.Build.0 = Release|Any CPU
		{638B8E8F-3773-4AB3-BD5E-DB03B4188E11}.Debug|Any CPU.ActiveCfg = Debug|Any CPU
		{638B8E8F-3773-4AB3-BD5E-DB03B4188E11}.Debug|Any CPU.Build.0 = Debug|Any CPU
		{638B8E8F-3773-4AB3-BD5E-DB03B4188E11}.Release|Any CPU.ActiveCfg = Release|Any CPU
		{638B8E8F-3773-4AB3-BD5E-DB03B4188E11}.Release|Any CPU.Build.0 = Release|Any CPU
		{E34EB69A-1109-4AD0-AEB5-1B119F69021F}.Debug|Any CPU.ActiveCfg = Debug|Any CPU
		{E34EB69A-1109-4AD0-AEB5-1B119F69021F}.Debug|Any CPU.Build.0 = Debug|Any CPU
		{E34EB69A-1109-4AD0-AEB5-1B119F69021F}.Release|Any CPU.ActiveCfg = Release|Any CPU
		{E34EB69A-1109-4AD0-AEB5-1B119F69021F}.Release|Any CPU.Build.0 = Release|Any CPU
	EndGlobalSection
	GlobalSection(SolutionProperties) = preSolution
		HideSolutionNode = FALSE
	EndGlobalSection
	GlobalSection(ExtensibilityGlobals) = postSolution
		SolutionGuid = {57FF50D4-5D7F-47F2-AB62-0F51EDB709FC}
	EndGlobalSection
EndGlobal
